# This file is automatically @generated by Wally.
# It is not intended for manual editing.
registry = "test"

[[package]]
name = "callistermisquitta/repair-electronic-workshop"
version = "0.1.0"
dependencies = [["jecs", "ukendio/jecs@0.10.4"]]

[[package]]
name = "ukendio/jecs"
version = "0.10.4"
dependencies = []
